
Microsoft Visual Studio Solution File, Format Version 12.00
# Visual Studio Version 16
VisualStudioVersion = 16.0.30717.126
MinimumVisualStudioVersion = 10.0.40219.1
Project("{FAE04EC0-301F-11D3-BF4B-00C04F79EFBC}") = "Utilities", "Utilities\Utilities.csproj", "{8F7FBD7C-3661-408A-9CFF-445A32BBBEDA}"
EndProject
Project("{FAE04EC0-301F-11D3-BF4B-00C04F79EFBC}") = "UtilitiesTest", "UtilitiesTest\UtilitiesTest.csproj", "{4FE01AA9-AD7A-481D-8B86-539E15105CB8}"
EndProject
Global
	GlobalSection(SolutionConfigurationPlatforms) = preSolution
		Debug|Any CPU = Debug|Any CPU
		Release|Any CPU = Release|Any CPU
	EndGlobalSection
	GlobalSection(ProjectConfigurationPlatforms) = postSolution
		{8F7FBD7C-3661-408A-9CFF-445A32BBBEDA}.Debug|Any CPU.ActiveCfg = Debug|Any CPU
		{8F7FBD7C-3661-408A-9CFF-445A32BBBEDA}.Debug|Any CPU.Build.0 = Debug|Any CPU
		{8F7FBD7C-3661-408A-9CFF-445A32BBBEDA}.Release|Any CPU.ActiveCfg = Release|Any CPU
		{8F7FBD7C-3661-408A-9CFF-445A32BBBEDA}.Release|Any CPU.Build.0 = Release|Any CPU
		{4FE01AA9-AD7A-481D-8B86-539E15105CB8}.Debug|Any CPU.ActiveCfg = Debug|Any CPU
		{4FE01AA9-AD7A-481D-8B86-539E15105CB8}.Debug|Any CPU.Build.0 = Debug|Any CPU
		{4FE01AA9-AD7A-481D-8B86-539E15105CB8}.Release|Any CPU.ActiveCfg = Release|Any CPU
		{4FE01AA9-AD7A-481D-8B86-539E15105CB8}.Release|Any CPU.Build.0 = Release|Any CPU
	EndGlobalSection
	GlobalSection(SolutionProperties) = preSolution
		HideSolutionNode = FALSE
	EndGlobalSection
	GlobalSection(ExtensibilityGlobals) = postSolution
		SolutionGuid = {2EB15A42-1496-4C89-9978-5BC5F4EE7E47}
	EndGlobalSection
EndGlobal
